[[package]]
category = "main"
description = "Async http client/server framework (asyncio)"
name = "aiohttp"
optional = false
python-versions = ">=3.5.3"
version = "3.6.2"

[package.dependencies]
async-timeout = ">=3.0,<4.0"
attrs = ">=17.3.0"
chardet = ">=2.0,<4.0"
multidict = ">=4.5,<5.0"
yarl = ">=1.0,<2.0"

[package.extras]
speedups = ["aiodns", "brotlipy", "cchardet"]

[[package]]
category = "main"
description = "CORS support for aiohttp"
name = "aiohttp-cors"
optional = false
python-versions = "*"
version = "0.7.0"

[package.dependencies]
aiohttp = ">=1.1"

[[package]]
category = "dev"
description = "A small Python module for determining appropriate platform-specific dirs, e.g. a \"user data dir\"."
name = "appdirs"
optional = false
python-versions = "*"
version = "1.4.4"

[[package]]
category = "main"
description = "Timeout context manager for asyncio programs"
name = "async-timeout"
optional = false
python-versions = ">=3.5.3"
version = "3.0.1"

[[package]]
category = "main"
description = "Classes Without Boilerplate"
name = "attrs"
optional = false
python-versions = ">=2.7, !=3.0.*, !=3.1.*, !=3.2.*, !=3.3.*"
version = "20.2.0"

[package.extras]
dev = ["coverage (>=5.0.2)", "hypothesis", "pympler", "pytest (>=4.3.0)", "six", "zope.interface", "sphinx", "sphinx-rtd-theme", "pre-commit"]
docs = ["sphinx", "sphinx-rtd-theme", "zope.interface"]
tests = ["coverage (>=5.0.2)", "hypothesis", "pympler", "pytest (>=4.3.0)", "six", "zope.interface"]
tests_no_zope = ["coverage (>=5.0.2)", "hypothesis", "pympler", "pytest (>=4.3.0)", "six"]

[[package]]
category = "dev"
description = "Validate configuration and produce human readable error messages."
name = "cfgv"
optional = false
python-versions = ">=3.6.1"
version = "3.2.0"

[[package]]
category = "main"
description = "Universal encoding detector for Python 2 and 3"
name = "chardet"
optional = false
python-versions = "*"
version = "3.0.4"

[[package]]
category = "main"
description = "Composable command line interface toolkit"
name = "click"
optional = false
python-versions = ">=2.7, !=3.0.*, !=3.1.*, !=3.2.*, !=3.3.*, !=3.4.*"
version = "7.1.2"

[[package]]
category = "main"
description = "Cross-platform colored terminal text."
marker = "sys_platform == \"win32\""
name = "colorama"
optional = false
python-versions = ">=2.7, !=3.0.*, !=3.1.*, !=3.2.*, !=3.3.*, !=3.4.*"
version = "0.4.3"

[[package]]
category = "main"
description = "Colorful worry-free console applications for Linux, Mac OS X, and Windows."
name = "colorclass"
optional = false
python-versions = "*"
version = "2.2.0"

[[package]]
category = "main"
description = "Log formatting with colors!"
name = "colorlog"
optional = false
python-versions = "*"
version = "4.2.1"

[package.dependencies]
colorama = "*"

[[package]]
category = "main"
description = "croniter provides iteration for datetime object with cron like format"
name = "croniter"
optional = false
python-versions = ">=2.6, !=3.0.*, !=3.1.*, !=3.2.*, !=3.3.*"
version = "0.3.34"

[package.dependencies]
natsort = "*"
python-dateutil = "*"

[[package]]
category = "main"
description = "Create decorators easily in python."
name = "decopatch"
optional = false
python-versions = "*"
version = "1.4.8"

[package.dependencies]
makefun = ">=1.5.0"

[[package]]
category = "dev"
description = "Distribution utilities"
name = "distlib"
optional = false
python-versions = "*"
version = "0.3.1"

[[package]]
category = "main"
description = "Python Stream processing."
name = "faust"
optional = false
python-versions = ">=3.6.0"
version = "1.10.4"

[package.dependencies]
aiohttp = ">=3.5.2,<4.0"
aiohttp-cors = ">=0.7,<2.0"
click = ">=6.7,<8.0"
colorclass = ">=2.2,<3.0"
croniter = ">=0.3.16"
mode = ">=4.3.2,<4.4"
mypy-extensions = "*"
opentracing = ">=1.3.0,<2.0.0"
robinhood-aiokafka = ">=1.1.6,<1.2"
terminaltables = ">=3.1,<4.0"
venusian = ">=1.1,<2.0"
yarl = ">=1.0,<2.0"

[package.extras]
aiodns = ["aiodns (>=1.1)"]
aiomonitor = ["aiomonitor (>=0.4.4)"]
cchardet = ["cchardet (>=2.1)"]
ciso8601 = ["ciso8601"]
ckafka = ["confluent-kafka (>=1.2.0,<1.3.0)"]
cython = ["cython"]
datadog = ["datadog"]
debug = ["setproctitle (>=1.1)", "aiomonitor (>=0.4.4)"]
eventlet = ["aioeventlet (>=0.5.1,<0.6.0)", "dnspython"]
fast = ["aiodns (>=1.1)", "cchardet (>=2.1)", "ciso8601", "cython", "orjson (>=2.0,<3.0)", "setproctitle (>=1.1)"]
orjson = ["orjson (>=2.0,<3.0)"]
redis = ["aredis (>=1.1.3,<2.0)"]
rocksdb = ["python-rocksdb (>=0.6.7)"]
setproctitle = ["setproctitle (>=1.1)"]
statsd = ["statsd (>=3.3.0,<3.4.0)"]
uvloop = ["uvloop (>=0.8.1)"]
yaml = ["pyyaml (>=5.1)"]

[[package]]
category = "dev"
description = "A platform independent file lock."
name = "filelock"
optional = false
python-versions = "*"
version = "3.0.12"

[[package]]
category = "dev"
description = "File identification library for Python"
name = "identify"
optional = false
python-versions = "!=3.0.*,!=3.1.*,!=3.2.*,!=3.3.*,>=2.7"
version = "1.5.3"

[package.extras]
license = ["editdistance"]

[[package]]
category = "main"
description = "Internationalized Domain Names in Applications (IDNA)"
name = "idna"
optional = false
python-versions = ">=2.7, !=3.0.*, !=3.1.*, !=3.2.*, !=3.3.*"
version = "2.10"

[[package]]
category = "main"
description = "Pure Python client for Apache Kafka"
name = "kafka-python"
optional = false
python-versions = "*"
version = "1.4.7"

[[package]]
category = "main"
description = "Python logging made (stupidly) simple"
name = "loguru"
optional = false
python-versions = ">=3.5"
version = "0.5.2"

[package.dependencies]
colorama = ">=0.3.4"
win32-setctime = ">=1.0.0"

[package.extras]
dev = ["codecov (>=2.0.15)", "colorama (>=0.3.4)", "flake8 (>=3.7.7)", "tox (>=3.9.0)", "tox-travis (>=0.12)", "pytest (>=4.6.2)", "pytest-cov (>=2.7.1)", "Sphinx (>=2.2.1)", "sphinx-autobuild (>=0.7.1)", "sphinx-rtd-theme (>=0.4.3)", "black (>=19.10b0)", "isort (>=5.1.1)"]

[[package]]
category = "main"
description = "Small library to dynamically create python functions."
name = "makefun"
optional = false
python-versions = "*"
version = "1.9.3"

[package.dependencies]
six = "*"

[[package]]
category = "main"
description = "AsyncIO Service-based programming."
name = "mode"
optional = false
python-versions = "~=3.6"
version = "4.3.2"

[package.dependencies]
colorlog = ">=2.9.0"
mypy-extensions = "*"

[package.extras]
eventlet = ["aioeventlet (>=0.5.1,<0.6.0)", "dnspython"]
gevent = ["aiogevent (>=0.2,<1.0)"]
uvloop = ["uvloop (>=0.8.1)"]

[[package]]
category = "main"
description = "Non-blocking MongoDB driver for Tornado or asyncio"
name = "motor"
optional = false
python-versions = ">=3.5.2"
version = "2.2.0"

[package.dependencies]
pymongo = ">=3.11,<4"

[[package]]
category = "main"
description = "multidict implementation"
name = "multidict"
optional = false
python-versions = ">=3.5"
version = "4.7.6"

[[package]]
category = "main"
description = "Experimental type system extensions for programs checked with the mypy typechecker."
name = "mypy-extensions"
optional = false
python-versions = "*"
version = "0.4.3"

[[package]]
category = "main"
description = "Simple yet flexible natural sorting in Python."
name = "natsort"
optional = false
python-versions = ">=3.4"
version = "7.0.1"

[package.extras]
fast = ["fastnumbers (>=2.0.0)"]
icu = ["PyICU (>=1.0.0)"]

[[package]]
category = "dev"
description = "Node.js virtual environment builder"
name = "nodeenv"
optional = false
python-versions = "*"
version = "1.5.0"

[[package]]
category = "main"
description = "NumPy is the fundamental package for array computing with Python."
name = "numpy"
optional = false
python-versions = ">=3.6"
version = "1.19.2"

[[package]]
category = "main"
description = "OpenTracing API for Python. See documentation at http://opentracing.io"
name = "opentracing"
optional = false
python-versions = "*"
version = "1.3.0"

[package.extras]
tests = ["doubles", "flake8 (<3)", "flake8-quotes", "mock (<1.1.0)", "pytest (>=2.7,<3)", "pytest-cov", "pytest-mock", "sphinx", "sphinx-rtd-theme"]

[[package]]
category = "main"
description = "Powerful data structures for data analysis, time series, and statistics"
name = "pandas"
optional = false
python-versions = ">=3.6.1"
version = "1.1.2"

[package.dependencies]
numpy = ">=1.15.4"
python-dateutil = ">=2.7.3"
pytz = ">=2017.2"

[package.extras]
test = ["pytest (>=4.0.2)", "pytest-xdist", "hypothesis (>=3.58)"]

[[package]]
category = "dev"
description = "A framework for managing and maintaining multi-language pre-commit hooks."
name = "pre-commit"
optional = false
python-versions = ">=3.6.1"
version = "2.7.1"

[package.dependencies]
cfgv = ">=2.0.0"
identify = ">=1.0.0"
nodeenv = ">=0.11.1"
pyyaml = ">=5.1"
toml = "*"
virtualenv = ">=20.0.8"

[[package]]
category = "main"
description = "Python driver for MongoDB <http://www.mongodb.org>"
name = "pymongo"
optional = false
python-versions = ">=2.7,!=3.0.*,!=3.1.*,!=3.2.*,!=3.3.*"
version = "3.11.0"

[package.extras]
aws = ["pymongo-auth-aws (<2.0.0)"]
encryption = ["pymongocrypt (<2.0.0)"]
gssapi = ["pykerberos"]
ocsp = ["pyopenssl (>=17.2.0)", "requests (<3.0.0)", "service-identity (>=18.1.0)"]
snappy = ["python-snappy"]
srv = ["dnspython (>=1.16.0,<1.17.0)"]
tls = ["ipaddress"]
zstd = ["zstandard"]

[[package]]
category = "main"
description = "Separate test code from test cases in pytest."
name = "pytest-cases"
optional = false
python-versions = "*"
version = "2.2.2"

[package.dependencies]
decopatch = "*"
makefun = ">=1.9.3"

[[package]]
category = "main"
description = "Extensions to the standard Python datetime module"
name = "python-dateutil"
optional = false
python-versions = "!=3.0.*,!=3.1.*,!=3.2.*,>=2.7"
version = "2.8.1"

[package.dependencies]
six = ">=1.5"

[[package]]
category = "main"
description = "World timezone definitions, modern and historical"
name = "pytz"
optional = false
python-versions = "*"
version = "2020.1"

[[package]]
category = "main"
description = "YAML parser and emitter for Python"
name = "pyyaml"
optional = false
python-versions = ">=2.7, !=3.0.*, !=3.1.*, !=3.2.*, !=3.3.*, !=3.4.*"
version = "5.3.1"

[[package]]
category = "main"
description = "Kafka integration with asyncio."
name = "robinhood-aiokafka"
optional = false
python-versions = "*"
version = "1.1.6"

[package.dependencies]
kafka-python = ">=1.4.6,<1.5"

[package.extras]
snappy = ["python-snappy (>=0.5)"]

[[package]]
category = "main"
description = "Library for one endpoint config and credentials managment"
name = "sitri"
optional = false
python-versions = ">=3.6,<4.0"
version = "0.7.3"

[package.dependencies]
loguru = ">=0.5.1,<0.6.0"
pytest_cases = ">=2.2.2,<3.0.0"

[[package]]
category = "main"
description = "Python 2 and 3 compatibility utilities"
name = "six"
optional = false
python-versions = ">=2.7, !=3.0.*, !=3.1.*, !=3.2.*"
version = "1.15.0"

[[package]]
category = "main"
description = "String case converter."
name = "stringcase"
optional = false
python-versions = "*"
version = "1.2.0"

[[package]]
category = "main"
description = "Generate simple tables in terminals from a nested list of strings."
name = "terminaltables"
optional = false
python-versions = "*"
version = "3.1.0"

[[package]]
category = "dev"
description = "Python Library for Tom's Obvious, Minimal Language"
name = "toml"
optional = false
python-versions = "*"
version = "0.10.1"

[[package]]
category = "main"
description = "A library for deferring decorator actions"
name = "venusian"
optional = false
python-versions = "*"
version = "1.2.0"

[package.extras]
docs = ["sphinx", "repoze.sphinx.autointerface"]
testing = ["pytest", "coverage", "pytest-cov"]

[[package]]
category = "dev"
description = "Virtual Python Environment builder"
name = "virtualenv"
optional = false
python-versions = "!=3.0.*,!=3.1.*,!=3.2.*,!=3.3.*,>=2.7"
version = "20.0.31"

[package.dependencies]
appdirs = ">=1.4.3,<2"
distlib = ">=0.3.1,<1"
filelock = ">=3.0.0,<4"
six = ">=1.9.0,<2"

[package.extras]
docs = ["proselint (>=0.10.2)", "sphinx (>=3)", "sphinx-argparse (>=0.2.5)", "sphinx-rtd-theme (>=0.4.3)", "towncrier (>=19.9.0rc1)"]
testing = ["coverage (>=5)", "coverage-enable-subprocess (>=1)", "flaky (>=3)", "pytest (>=4)", "pytest-env (>=0.6.2)", "pytest-freezegun (>=0.4.1)", "pytest-mock (>=2)", "pytest-randomly (>=1)", "pytest-timeout (>=1)", "pytest-xdist (>=1.31.0)", "packaging (>=20.0)", "xonsh (>=0.9.16)"]

[[package]]
category = "main"
description = "A small Python utility to set file creation time on Windows"
marker = "sys_platform == \"win32\""
name = "win32-setctime"
optional = false
python-versions = ">=3.5"
version = "1.0.2"

[package.extras]
dev = ["pytest (>=4.6.2)", "black (>=19.3b0)"]

[[package]]
category = "main"
description = "Yet another URL library"
name = "yarl"
optional = false
python-versions = ">=3.5"
version = "1.5.1"

[package.dependencies]
idna = ">=2.0"
multidict = ">=4.0"

[metadata]
content-hash = "aae85419a0ba9e414bee439716288651a33b5c0980ca92bf1cf7f8cdd3f50321"
lock-version = "1.0"
python-versions = "^3.8"

[metadata.files]
aiohttp = [
    {file = "aiohttp-3.6.2-cp35-cp35m-macosx_10_13_x86_64.whl", hash = "sha256:1e984191d1ec186881ffaed4581092ba04f7c61582a177b187d3a2f07ed9719e"},
    {file = "aiohttp-3.6.2-cp35-cp35m-manylinux1_x86_64.whl", hash = "sha256:50aaad128e6ac62e7bf7bd1f0c0a24bc968a0c0590a726d5a955af193544bcec"},
    {file = "aiohttp-3.6.2-cp36-cp36m-macosx_10_13_x86_64.whl", hash = "sha256:65f31b622af739a802ca6fd1a3076fd0ae523f8485c52924a89561ba10c49b48"},
    {file = "aiohttp-3.6.2-cp36-cp36m-manylinux1_x86_64.whl", hash = "sha256:ae55bac364c405caa23a4f2d6cfecc6a0daada500274ffca4a9230e7129eac59"},
    {file = "aiohttp-3.6.2-cp36-cp36m-win32.whl", hash = "sha256:344c780466b73095a72c616fac5ea9c4665add7fc129f285fbdbca3cccf4612a"},
    {file = "aiohttp-3.6.2-cp36-cp36m-win_amd64.whl", hash = "sha256:4c6efd824d44ae697814a2a85604d8e992b875462c6655da161ff18fd4f29f17"},
    {file = "aiohttp-3.6.2-cp37-cp37m-macosx_10_13_x86_64.whl", hash = "sha256:2f4d1a4fdce595c947162333353d4a44952a724fba9ca3205a3df99a33d1307a"},
    {file = "aiohttp-3.6.2-cp37-cp37m-manylinux1_x86_64.whl", hash = "sha256:6206a135d072f88da3e71cc501c59d5abffa9d0bb43269a6dcd28d66bfafdbdd"},
    {file = "aiohttp-3.6.2-cp37-cp37m-win32.whl", hash = "sha256:b778ce0c909a2653741cb4b1ac7015b5c130ab9c897611df43ae6a58523cb965"},
    {file = "aiohttp-3.6.2-cp37-cp37m-win_amd64.whl", hash = "sha256:32e5f3b7e511aa850829fbe5aa32eb455e5534eaa4b1ce93231d00e2f76e5654"},
    {file = "aiohttp-3.6.2-py3-none-any.whl", hash = "sha256:460bd4237d2dbecc3b5ed57e122992f60188afe46e7319116da5eb8a9dfedba4"},
    {file = "aiohttp-3.6.2.tar.gz", hash = "sha256:259ab809ff0727d0e834ac5e8a283dc5e3e0ecc30c4d80b3cd17a4139ce1f326"},
]
aiohttp-cors = [
    {file = "aiohttp-cors-0.7.0.tar.gz", hash = "sha256:4d39c6d7100fd9764ed1caf8cebf0eb01bf5e3f24e2e073fda6234bc48b19f5d"},
    {file = "aiohttp_cors-0.7.0-py3-none-any.whl", hash = "sha256:0451ba59fdf6909d0e2cd21e4c0a43752bc0703d33fc78ae94d9d9321710193e"},
]
appdirs = [
    {file = "appdirs-1.4.4-py2.py3-none-any.whl", hash = "sha256:a841dacd6b99318a741b166adb07e19ee71a274450e68237b4650ca1055ab128"},
    {file = "appdirs-1.4.4.tar.gz", hash = "sha256:7d5d0167b2b1ba821647616af46a749d1c653740dd0d2415100fe26e27afdf41"},
]
async-timeout = [
    {file = "async-timeout-3.0.1.tar.gz", hash = "sha256:0c3c816a028d47f659d6ff5c745cb2acf1f966da1fe5c19c77a70282b25f4c5f"},
    {file = "async_timeout-3.0.1-py3-none-any.whl", hash = "sha256:4291ca197d287d274d0b6cb5d6f8f8f82d434ed288f962539ff18cc9012f9ea3"},
]
attrs = [
    {file = "attrs-20.2.0-py2.py3-none-any.whl", hash = "sha256:fce7fc47dfc976152e82d53ff92fa0407700c21acd20886a13777a0d20e655dc"},
    {file = "attrs-20.2.0.tar.gz", hash = "sha256:26b54ddbbb9ee1d34d5d3668dd37d6cf74990ab23c828c2888dccdceee395594"},
]
cfgv = [
    {file = "cfgv-3.2.0-py2.py3-none-any.whl", hash = "sha256:32e43d604bbe7896fe7c248a9c2276447dbef840feb28fe20494f62af110211d"},
    {file = "cfgv-3.2.0.tar.gz", hash = "sha256:cf22deb93d4bcf92f345a5c3cd39d3d41d6340adc60c78bbbd6588c384fda6a1"},
]
chardet = [
    {file = "chardet-3.0.4-py2.py3-none-any.whl", hash = "sha256:fc323ffcaeaed0e0a02bf4d117757b98aed530d9ed4531e3e15460124c106691"},
    {file = "chardet-3.0.4.tar.gz", hash = "sha256:84ab92ed1c4d4f16916e05906b6b75a6c0fb5db821cc65e70cbd64a3e2a5eaae"},
]
click = [
    {file = "click-7.1.2-py2.py3-none-any.whl", hash = "sha256:dacca89f4bfadd5de3d7489b7c8a566eee0d3676333fbb50030263894c38c0dc"},
    {file = "click-7.1.2.tar.gz", hash = "sha256:d2b5255c7c6349bc1bd1e59e08cd12acbbd63ce649f2588755783aa94dfb6b1a"},
]
colorama = [
    {file = "colorama-0.4.3-py2.py3-none-any.whl", hash = "sha256:7d73d2a99753107a36ac6b455ee49046802e59d9d076ef8e47b61499fa29afff"},
    {file = "colorama-0.4.3.tar.gz", hash = "sha256:e96da0d330793e2cb9485e9ddfd918d456036c7149416295932478192f4436a1"},
]
colorclass = [
    {file = "colorclass-2.2.0.tar.gz", hash = "sha256:b05c2a348dfc1aff2d502527d78a5b7b7e2f85da94a96c5081210d8e9ee8e18b"},
]
colorlog = [
    {file = "colorlog-4.2.1-py2.py3-none-any.whl", hash = "sha256:43597fd822ce705190fc997519342fdaaf44b9b47f896ece7aa153ed4b909c74"},
    {file = "colorlog-4.2.1.tar.gz", hash = "sha256:75e55822c3a3387d721579241e776de2cf089c9ef9528b1f09e8b04d403ad118"},
]
croniter = [
    {file = "croniter-0.3.34-py2.py3-none-any.whl", hash = "sha256:15597ef0639f8fbab09cbf8c277fa8c65c8b9dbe818c4b2212f95dbc09c6f287"},
    {file = "croniter-0.3.34.tar.gz", hash = "sha256:7186b9b464f45cf3d3c83a18bc2344cc101d7b9fd35a05f2878437b14967e964"},
]
decopatch = [
    {file = "decopatch-1.4.8-py2.py3-none-any.whl", hash = "sha256:29a74d5d753423b188d5b537532da4f4b88e33ddccb95a8a20a5eff5b13265d4"},
    {file = "decopatch-1.4.8.tar.gz", hash = "sha256:c66b0815f15db04de7bb52b0b276432b76b7346fe7046f28033f48a14340d144"},
]
distlib = [
    {file = "distlib-0.3.1-py2.py3-none-any.whl", hash = "sha256:8c09de2c67b3e7deef7184574fc060ab8a793e7adbb183d942c389c8b13c52fb"},
    {file = "distlib-0.3.1.zip", hash = "sha256:edf6116872c863e1aa9d5bb7cb5e05a022c519a4594dc703843343a9ddd9bff1"},
]
faust = [
    {file = "faust-1.10.4-cp36-cp36m-macosx_10_13_x86_64.whl", hash = "sha256:128dc0b9483aa4009edcc8b23f5c132757f2329c5da1fcc144d4c1d1dd63f156"},
    {file = "faust-1.10.4-cp37-cp37m-macosx_10_9_x86_64.whl", hash = "sha256:4ae94762a16c3ef70aa1e77772ff94395c2068ecbb99e1acce252d0f1156bd2c"},
    {file = "faust-1.10.4-cp38-cp38-macosx_10_14_x86_64.whl", hash = "sha256:cfd47e756825eb8c6d197c1a2f25199aef2895cd31b522c74ec2dbb95dfa6fcc"},
    {file = "faust-1.10.4-py2.py3-none-any.whl", hash = "sha256:abaade164bde21cd5f41dff24a203ff91f2c935c849c8e6a807f854bf84ea77d"},
    {file = "faust-1.10.4.tar.gz", hash = "sha256:ffcd350ea29d528f6814fc9a42b5e50e130310da054a93e9d8216ef89a254611"},
]
filelock = [
    {file = "filelock-3.0.12-py3-none-any.whl", hash = "sha256:929b7d63ec5b7d6b71b0fa5ac14e030b3f70b75747cef1b10da9b879fef15836"},
    {file = "filelock-3.0.12.tar.gz", hash = "sha256:18d82244ee114f543149c66a6e0c14e9c4f8a1044b5cdaadd0f82159d6a6ff59"},
]
identify = [
    {file = "identify-1.5.3-py2.py3-none-any.whl", hash = "sha256:d02d004568c5a01261839a05e91705e3e9f5c57a3551648f9b3fb2b9c62c0f62"},
    {file = "identify-1.5.3.tar.gz", hash = "sha256:c770074ae1f19e08aadbda1c886bc6d0cb55ffdc503a8c0fe8699af2fc9664ae"},
]
idna = [
    {file = "idna-2.10-py2.py3-none-any.whl", hash = "sha256:b97d804b1e9b523befed77c48dacec60e6dcb0b5391d57af6a65a312a90648c0"},
    {file = "idna-2.10.tar.gz", hash = "sha256:b307872f855b18632ce0c21c5e45be78c0ea7ae4c15c828c20788b26921eb3f6"},
]
kafka-python = [
    {file = "kafka-python-1.4.7.tar.gz", hash = "sha256:2f29baad4b3efe05a2bb81ac268855aa01cbc68397f15bac77b494ffd7e2cada"},
    {file = "kafka_python-1.4.7-py2.py3-none-any.whl", hash = "sha256:4fbebebfcb6fc94903fb720fe883d7bbec7298f4f1acb857c21dd3b4b114ba4b"},
]
loguru = [
    {file = "loguru-0.5.2-py3-none-any.whl", hash = "sha256:a5e5e196b9958feaf534ac2050171d16576bae633074ce3e73af7dda7e9a58ae"},
    {file = "loguru-0.5.2.tar.gz", hash = "sha256:5aecbf13bc8e2f6e5a5d0475460a345b44e2885464095ea7de44e8795857ad33"},
]
makefun = [
    {file = "makefun-1.9.3-py2.py3-none-any.whl", hash = "sha256:ffe6a4ae006f4206c5bec77bcdc5bc00b356a5ac7359a8b2ddb1f7efa2dc5dec"},
    {file = "makefun-1.9.3.tar.gz", hash = "sha256:709ea9ab8e8c98ac3a12a464d75748d5161a8752a2bf79daaf02f5f7e8b66132"},
]
mode = [
    {file = "mode-4.3.2-py2.py3-none-any.whl", hash = "sha256:e54deee3b1988b1553425ab8b99fad957d56367eccc0d912fe009998ab651a82"},
    {file = "mode-4.3.2.tar.gz", hash = "sha256:2df1a558dcaa42a7f9a983acb33438371a668076171be19b4c94bf0cdfd6e2eb"},
]
motor = [
    {file = "motor-2.2.0-py3-none-any.whl", hash = "sha256:659ad13c2e2dca19807fbb6d2bb62e4c60f99bb0d43110a6abb8fdd12b644a64"},
]
multidict = [
    {file = "multidict-4.7.6-cp35-cp35m-macosx_10_14_x86_64.whl", hash = "sha256:275ca32383bc5d1894b6975bb4ca6a7ff16ab76fa622967625baeebcf8079000"},
    {file = "multidict-4.7.6-cp35-cp35m-manylinux1_x86_64.whl", hash = "sha256:1ece5a3369835c20ed57adadc663400b5525904e53bae59ec854a5d36b39b21a"},
    {file = "multidict-4.7.6-cp35-cp35m-win32.whl", hash = "sha256:5141c13374e6b25fe6bf092052ab55c0c03d21bd66c94a0e3ae371d3e4d865a5"},
    {file = "multidict-4.7.6-cp35-cp35m-win_amd64.whl", hash = "sha256:9456e90649005ad40558f4cf51dbb842e32807df75146c6d940b6f5abb4a78f3"},
    {file = "multidict-4.7.6-cp36-cp36m-macosx_10_14_x86_64.whl", hash = "sha256:e0d072ae0f2a179c375f67e3da300b47e1a83293c554450b29c900e50afaae87"},
    {file = "multidict-4.7.6-cp36-cp36m-manylinux1_x86_64.whl", hash = "sha256:3750f2205b800aac4bb03b5ae48025a64e474d2c6cc79547988ba1d4122a09e2"},
    {file = "multidict-4.7.6-cp36-cp36m-win32.whl", hash = "sha256:f07acae137b71af3bb548bd8da720956a3bc9f9a0b87733e0899226a2317aeb7"},
    {file = "multidict-4.7.6-cp36-cp36m-win_amd64.whl", hash = "sha256:6513728873f4326999429a8b00fc7ceddb2509b01d5fd3f3be7881a257b8d463"},
    {file = "multidict-4.7.6-cp37-cp37m-macosx_10_14_x86_64.whl", hash = "sha256:feed85993dbdb1dbc29102f50bca65bdc68f2c0c8d352468c25b54874f23c39d"},
    {file = "multidict-4.7.6-cp37-cp37m-manylinux1_x86_64.whl", hash = "sha256:fcfbb44c59af3f8ea984de67ec7c306f618a3ec771c2843804069917a8f2e255"},
    {file = "multidict-4.7.6-cp37-cp37m-win32.whl", hash = "sha256:4538273208e7294b2659b1602490f4ed3ab1c8cf9dbdd817e0e9db8e64be2507"},
    {file = "multidict-4.7.6-cp37-cp37m-win_amd64.whl", hash = "sha256:d14842362ed4cf63751648e7672f7174c9818459d169231d03c56e84daf90b7c"},
    {file = "multidict-4.7.6-cp38-cp38-macosx_10_14_x86_64.whl", hash = "sha256:c026fe9a05130e44157b98fea3ab12969e5b60691a276150db9eda71710cd10b"},
    {file = "multidict-4.7.6-cp38-cp38-manylinux1_x86_64.whl", hash = "sha256:51a4d210404ac61d32dada00a50ea7ba412e6ea945bbe992e4d7a595276d2ec7"},
    {file = "multidict-4.7.6-cp38-cp38-win32.whl", hash = "sha256:5cf311a0f5ef80fe73e4f4c0f0998ec08f954a6ec72b746f3c179e37de1d210d"},
    {file = "multidict-4.7.6-cp38-cp38-win_amd64.whl", hash = "sha256:7388d2ef3c55a8ba80da62ecfafa06a1c097c18032a501ffd4cabbc52d7f2b19"},
    {file = "multidict-4.7.6.tar.gz", hash = "sha256:fbb77a75e529021e7c4a8d4e823d88ef4d23674a202be4f5addffc72cbb91430"},
]
mypy-extensions = [
    {file = "mypy_extensions-0.4.3-py2.py3-none-any.whl", hash = "sha256:090fedd75945a69ae91ce1303b5824f428daf5a028d2f6ab8a299250a846f15d"},
    {file = "mypy_extensions-0.4.3.tar.gz", hash = "sha256:2d82818f5bb3e369420cb3c4060a7970edba416647068eb4c5343488a6c604a8"},
]
natsort = [
    {file = "natsort-7.0.1-py3-none-any.whl", hash = "sha256:d3fd728a3ceb7c78a59aa8539692a75e37cbfd9b261d4d702e8016639820f90a"},
    {file = "natsort-7.0.1.tar.gz", hash = "sha256:a633464dc3a22b305df0f27abcb3e83515898aa1fd0ed2f9726c3571a27258cf"},
]
nodeenv = [
    {file = "nodeenv-1.5.0-py2.py3-none-any.whl", hash = "sha256:5304d424c529c997bc888453aeaa6362d242b6b4631e90f3d4bf1b290f1c84a9"},
    {file = "nodeenv-1.5.0.tar.gz", hash = "sha256:ab45090ae383b716c4ef89e690c41ff8c2b257b85b309f01f3654df3d084bd7c"},
]
numpy = [
    {file = "numpy-1.19.2-cp36-cp36m-macosx_10_9_x86_64.whl", hash = "sha256:b594f76771bc7fc8a044c5ba303427ee67c17a09b36e1fa32bde82f5c419d17a"},
    {file = "numpy-1.19.2-cp36-cp36m-manylinux1_i686.whl", hash = "sha256:e6ddbdc5113628f15de7e4911c02aed74a4ccff531842c583e5032f6e5a179bd"},
    {file = "numpy-1.19.2-cp36-cp36m-manylinux1_x86_64.whl", hash = "sha256:3733640466733441295b0d6d3dcbf8e1ffa7e897d4d82903169529fd3386919a"},
    {file = "numpy-1.19.2-cp36-cp36m-manylinux2010_i686.whl", hash = "sha256:4339741994c775396e1a274dba3609c69ab0f16056c1077f18979bec2a2c2e6e"},
    {file = "numpy-1.19.2-cp36-cp36m-manylinux2010_x86_64.whl", hash = "sha256:7c6646314291d8f5ea900a7ea9c4261f834b5b62159ba2abe3836f4fa6705526"},
    {file = "numpy-1.19.2-cp36-cp36m-manylinux2014_aarch64.whl", hash = "sha256:7118f0a9f2f617f921ec7d278d981244ba83c85eea197be7c5a4f84af80a9c3c"},
    {file = "numpy-1.19.2-cp36-cp36m-win32.whl", hash = "sha256:9a3001248b9231ed73894c773142658bab914645261275f675d86c290c37f66d"},
    {file = "numpy-1.19.2-cp36-cp36m-win_amd64.whl", hash = "sha256:967c92435f0b3ba37a4257c48b8715b76741410467e2bdb1097e8391fccfae15"},
    {file = "numpy-1.19.2-cp37-cp37m-macosx_10_9_x86_64.whl", hash = "sha256:d526fa58ae4aead839161535d59ea9565863bb0b0bdb3cc63214613fb16aced4"},
    {file = "numpy-1.19.2-cp37-cp37m-manylinux1_i686.whl", hash = "sha256:eb25c381d168daf351147713f49c626030dcff7a393d5caa62515d415a6071d8"},
    {file = "numpy-1.19.2-cp37-cp37m-manylinux1_x86_64.whl", hash = "sha256:62139af94728d22350a571b7c82795b9d59be77fc162414ada6c8b6a10ef5d02"},
    {file = "numpy-1.19.2-cp37-cp37m-manylinux2010_i686.whl", hash = "sha256:0c66da1d202c52051625e55a249da35b31f65a81cb56e4c69af0dfb8fb0125bf"},
    {file = "numpy-1.19.2-cp37-cp37m-manylinux2010_x86_64.whl", hash = "sha256:2117536e968abb7357d34d754e3733b0d7113d4c9f1d921f21a3d96dec5ff716"},
    {file = "numpy-1.19.2-cp37-cp37m-manylinux2014_aarch64.whl", hash = "sha256:54045b198aebf41bf6bf4088012777c1d11703bf74461d70cd350c0af2182e45"},
    {file = "numpy-1.19.2-cp37-cp37m-win32.whl", hash = "sha256:aba1d5daf1144b956bc87ffb87966791f5e9f3e1f6fab3d7f581db1f5b598f7a"},
    {file = "numpy-1.19.2-cp37-cp37m-win_amd64.whl", hash = "sha256:addaa551b298052c16885fc70408d3848d4e2e7352de4e7a1e13e691abc734c1"},
    {file = "numpy-1.19.2-cp38-cp38-macosx_10_9_x86_64.whl", hash = "sha256:58d66a6b3b55178a1f8a5fe98df26ace76260a70de694d99577ddeab7eaa9a9d"},
    {file = "numpy-1.19.2-cp38-cp38-manylinux1_i686.whl", hash = "sha256:59f3d687faea7a4f7f93bd9665e5b102f32f3fa28514f15b126f099b7997203d"},
    {file = "numpy-1.19.2-cp38-cp38-manylinux1_x86_64.whl", hash = "sha256:cebd4f4e64cfe87f2039e4725781f6326a61f095bc77b3716502bed812b385a9"},
    {file = "numpy-1.19.2-cp38-cp38-manylinux2010_i686.whl", hash = "sha256:c35a01777f81e7333bcf276b605f39c872e28295441c265cd0c860f4b40148c1"},
    {file = "numpy-1.19.2-cp38-cp38-manylinux2010_x86_64.whl", hash = "sha256:d7ac33585e1f09e7345aa902c281bd777fdb792432d27fca857f39b70e5dd31c"},
    {file = "numpy-1.19.2-cp38-cp38-manylinux2014_aarch64.whl", hash = "sha256:04c7d4ebc5ff93d9822075ddb1751ff392a4375e5885299445fcebf877f179d5"},
    {file = "numpy-1.19.2-cp38-cp38-win32.whl", hash = "sha256:51ee93e1fac3fe08ef54ff1c7f329db64d8a9c5557e6c8e908be9497ac76374b"},
    {file = "numpy-1.19.2-cp38-cp38-win_amd64.whl", hash = "sha256:1669ec8e42f169ff715a904c9b2105b6640f3f2a4c4c2cb4920ae8b2785dac65"},
    {file = "numpy-1.19.2-pp36-pypy36_pp73-manylinux2010_x86_64.whl", hash = "sha256:0bfd85053d1e9f60234f28f63d4a5147ada7f432943c113a11afcf3e65d9d4c8"},
    {file = "numpy-1.19.2.zip", hash = "sha256:0d310730e1e793527065ad7dde736197b705d0e4c9999775f212b03c44a8484c"},
]
opentracing = [
    {file = "opentracing-1.3.0.tar.gz", hash = "sha256:9b3f7c7a20c34170b9253c97121256264daf6b5f090035c732c6e2548cc5c0a7"},
]
pandas = [
    {file = "pandas-1.1.2-cp36-cp36m-macosx_10_9_x86_64.whl", hash = "sha256:eb0ac2fd04428f18b547716f70c699a7cc9c65a6947ed8c7e688d96eb91e3db8"},
    {file = "pandas-1.1.2-cp36-cp36m-manylinux1_i686.whl", hash = "sha256:02ec9f5f0b7df7227931a884569ef0b6d32d76789c84bcac1a719dafd1f912e8"},
    {file = "pandas-1.1.2-cp36-cp36m-manylinux1_x86_64.whl", hash = "sha256:1edf6c254d2d138188e9987159978ee70e23362fe9197f3f100844a197f7e1e4"},
    {file = "pandas-1.1.2-cp36-cp36m-win32.whl", hash = "sha256:b821f239514a9ce46dd1cd6c9298a03ed58d0235d414ea264aacc1b14916bbe4"},
    {file = "pandas-1.1.2-cp36-cp36m-win_amd64.whl", hash = "sha256:ab6ea0f3116f408a8a59cd50158bfd19d2a024f4e221f14ab1bcd2da4f0c6fdf"},
    {file = "pandas-1.1.2-cp37-cp37m-macosx_10_9_x86_64.whl", hash = "sha256:474fa53e3b2f3a543cbca81f7457bd1f44e7eb1be7171067636307e21b624e9c"},
    {file = "pandas-1.1.2-cp37-cp37m-manylinux1_i686.whl", hash = "sha256:9e135ce9929cd0f0ba24f0545936af17ba935f844d4c3a2b979354a73c9440e0"},
    {file = "pandas-1.1.2-cp37-cp37m-manylinux1_x86_64.whl", hash = "sha256:188cdfbf8399bc144fa95040536b5ce3429d2eda6c9c8b238c987af7df9f128c"},
    {file = "pandas-1.1.2-cp37-cp37m-win32.whl", hash = "sha256:08783a33989a6747317766b75be30a594a9764b9f145bb4bcc06e337930d9807"},
    {file = "pandas-1.1.2-cp37-cp37m-win_amd64.whl", hash = "sha256:f7008ec22b92d771b145150978d930a28fab8da3a10131b01bbf39574acdad0b"},
    {file = "pandas-1.1.2-cp38-cp38-macosx_10_9_x86_64.whl", hash = "sha256:59df9f0276aa4854d8bff28c5e5aeb74d9c6bb4d9f55d272b7124a7df40e47d0"},
    {file = "pandas-1.1.2-cp38-cp38-manylinux1_i686.whl", hash = "sha256:eeb64c5b3d4f2ea072ca8afdeb2b946cd681a863382ca79734f1b520b8d2fa26"},
    {file = "pandas-1.1.2-cp38-cp38-manylinux1_x86_64.whl", hash = "sha256:c9235b37489168ed6b173551c816b50aa89f03c24a8549a8b4d47d8dc79bfb1e"},
    {file = "pandas-1.1.2-cp38-cp38-win32.whl", hash = "sha256:0936991228241db937e87f82ec552a33888dd04a2e0d5a2fa3c689f92fab09e0"},
    {file = "pandas-1.1.2-cp38-cp38-win_amd64.whl", hash = "sha256:026d764d0b86ee53183aa4c0b90774b6146123eeada4e24946d7d24290777be1"},
    {file = "pandas-1.1.2.tar.gz", hash = "sha256:b64ffd87a2cfd31b40acd4b92cb72ea9a52a48165aec4c140e78fd69c45d1444"},
]
pre-commit = [
    {file = "pre_commit-2.7.1-py2.py3-none-any.whl", hash = "sha256:810aef2a2ba4f31eed1941fc270e72696a1ad5590b9751839c90807d0fff6b9a"},
    {file = "pre_commit-2.7.1.tar.gz", hash = "sha256:c54fd3e574565fe128ecc5e7d2f91279772ddb03f8729645fa812fe809084a70"},
]
pymongo = [
    {file = "pymongo-3.11.0-cp27-cp27m-macosx_10_15_x86_64.whl", hash = "sha256:7a4a6f5b818988a3917ec4baa91d1143242bdfece8d38305020463955961266a"},
    {file = "pymongo-3.11.0-cp27-cp27m-manylinux1_i686.whl", hash = "sha256:c4869141e20769b65d2d72686e7a7eb141ce9f3168106bed3e7dcced54eb2422"},
    {file = "pymongo-3.11.0-cp27-cp27m-manylinux1_x86_64.whl", hash = "sha256:ef76535776c0708a85258f6dc51d36a2df12633c735f6d197ed7dfcaa7449b99"},
    {file = "pymongo-3.11.0-cp27-cp27m-win32.whl", hash = "sha256:d226e0d4b9192d95079a9a29c04dd81816b1ce8903b8c174a39224fe978547cb"},
    {file = "pymongo-3.11.0-cp27-cp27m-win_amd64.whl", hash = "sha256:68220b81850de8e966d4667d5c325a96c6ac0d6adb3d18935d6e3d325d441f48"},
    {file = "pymongo-3.11.0-cp27-cp27mu-manylinux1_i686.whl", hash = "sha256:f6efca006a81e1197b925a7d7b16b8f61980697bb6746587aad8842865233218"},
    {file = "pymongo-3.11.0-cp27-cp27mu-manylinux1_x86_64.whl", hash = "sha256:7307024b18266b302f4265da84bb1effb5d18999ef35b30d17592959568d5c0a"},
    {file = "pymongo-3.11.0-cp34-cp34m-macosx_10_6_intel.whl", hash = "sha256:8ea13d0348b4c96b437d944d7068d59ed4a6c98aaa6c40d8537a2981313f1c66"},
    {file = "pymongo-3.11.0-cp34-cp34m-manylinux1_i686.whl", hash = "sha256:6a15e2bee5c4188369a87ed6f02de804651152634a46cca91966a11c8abd2550"},
    {file = "pymongo-3.11.0-cp34-cp34m-manylinux1_x86_64.whl", hash = "sha256:d64c98277ea80e4484f1332ab107e8dfd173a7dcf1bdbf10a9cccc97aaab145f"},
    {file = "pymongo-3.11.0-cp34-cp34m-win32.whl", hash = "sha256:83c5a3ecd96a9f3f11cfe6dfcbcec7323265340eb24cc996acaecea129865a3a"},
    {file = "pymongo-3.11.0-cp34-cp34m-win_amd64.whl", hash = "sha256:890b0f1e18dbd898aeb0ab9eae1ab159c6bcbe87f0abb065b0044581d8614062"},
    {file = "pymongo-3.11.0-cp35-cp35m-macosx_10_6_intel.whl", hash = "sha256:9fc17fdac8f1973850d42e51e8ba6149d93b1993ed6768a24f352f926dd3d587"},
    {file = "pymongo-3.11.0-cp35-cp35m-manylinux1_i686.whl", hash = "sha256:421aa1b92c291c429668bd8d8d8ec2bd00f183483a756928e3afbf2b6f941f00"},
    {file = "pymongo-3.11.0-cp35-cp35m-manylinux1_x86_64.whl", hash = "sha256:a2787319dc69854acdfd6452e6a8ba8f929aeb20843c7f090e04159fc18e6245"},
    {file = "pymongo-3.11.0-cp35-cp35m-manylinux2014_aarch64.whl", hash = "sha256:455f4deb00158d5ec8b1d3092df6abb681b225774ab8a59b3510293b4c8530e3"},
    {file = "pymongo-3.11.0-cp35-cp35m-manylinux2014_i686.whl", hash = "sha256:25e617daf47d8dfd4e152c880cd0741cbdb48e51f54b8de9ddbfe74ecd87dd16"},
    {file = "pymongo-3.11.0-cp35-cp35m-manylinux2014_ppc64le.whl", hash = "sha256:7122ffe597b531fb065d3314e704a6fe152b81820ca5f38543e70ffcc95ecfd4"},
    {file = "pymongo-3.11.0-cp35-cp35m-manylinux2014_s390x.whl", hash = "sha256:d0565481dc196986c484a7fb13214fc6402201f7fb55c65fd215b3324962fe6c"},
    {file = "pymongo-3.11.0-cp35-cp35m-manylinux2014_x86_64.whl", hash = "sha256:4437300eb3a5e9cc1a73b07d22c77302f872f339caca97e9bf8cf45eca8fa0d2"},
    {file = "pymongo-3.11.0-cp35-cp35m-win32.whl", hash = "sha256:d38b35f6eef4237b1d0d8e845fc1546dad85c55eba447e28c211da8c7ef9697c"},
    {file = "pymongo-3.11.0-cp35-cp35m-win_amd64.whl", hash = "sha256:137e6fa718c7eff270dbd2fc4b90d94b1a69c9e9eb3f3de9e850a7fd33c822dc"},
    {file = "pymongo-3.11.0-cp36-cp36m-macosx_10_9_x86_64.whl", hash = "sha256:c0d660a186e36c526366edf8a64391874fe53cf8b7039224137aee0163c046df"},
    {file = "pymongo-3.11.0-cp36-cp36m-manylinux1_i686.whl", hash = "sha256:d1b3366329c45a474b3bbc9b9c95d4c686e03f35da7fd12bc144626d1f2a7c04"},
    {file = "pymongo-3.11.0-cp36-cp36m-manylinux1_x86_64.whl", hash = "sha256:b7c522292407fa04d8195032493aac937e253ad9ae524aab43b9d9d242571f03"},
    {file = "pymongo-3.11.0-cp36-cp36m-manylinux2014_aarch64.whl", hash = "sha256:9755c726aa6788f076114dfdc03b92b03ff8860316cca00902cce88bcdb5fedd"},
    {file = "pymongo-3.11.0-cp36-cp36m-manylinux2014_i686.whl", hash = "sha256:50531caa7b4be1c4ed5e2d5793a4e51cc9bd62a919a6fd3299ef7c902e206eab"},
    {file = "pymongo-3.11.0-cp36-cp36m-manylinux2014_ppc64le.whl", hash = "sha256:cc4057f692ac35bbe82a0a908d42ce3a281c9e913290fac37d7fa3bd01307dfb"},
    {file = "pymongo-3.11.0-cp36-cp36m-manylinux2014_s390x.whl", hash = "sha256:213c445fe7e654621c6309e874627c35354b46ef3ee807f5a1927dc4b30e1a67"},
    {file = "pymongo-3.11.0-cp36-cp36m-manylinux2014_x86_64.whl", hash = "sha256:4ae23fbbe9eadf61279a26eba866bbf161a6f7e2ffad14a42cf20e9cb8e94166"},
    {file = "pymongo-3.11.0-cp36-cp36m-win32.whl", hash = "sha256:8deda1f7b4c03242f2a8037706d9584e703f3d8c74d6d9cac5833db36fe16c42"},
    {file = "pymongo-3.11.0-cp36-cp36m-win_amd64.whl", hash = "sha256:e8c446882cbb3774cd78c738c9f58220606b702b7c1655f1423357dc51674054"},
    {file = "pymongo-3.11.0-cp37-cp37m-macosx_10_9_x86_64.whl", hash = "sha256:d9de8427a5601799784eb0e7fa1b031aa64086ce04de29df775a8ca37eedac41"},
    {file = "pymongo-3.11.0-cp37-cp37m-manylinux1_i686.whl", hash = "sha256:3d9bb1ba935a90ec4809a8031efd988bdb13cdba05d9e9a3e9bf151bf759ecde"},
    {file = "pymongo-3.11.0-cp37-cp37m-manylinux1_x86_64.whl", hash = "sha256:96782ebb3c9e91e174c333208b272ea144ed2a684413afb1038e3b3342230d72"},
    {file = "pymongo-3.11.0-cp37-cp37m-manylinux2014_aarch64.whl", hash = "sha256:50127b13b38e8e586d5e97d342689405edbd74ad0bd891d97ee126a8c7b6e45f"},
    {file = "pymongo-3.11.0-cp37-cp37m-manylinux2014_i686.whl", hash = "sha256:bd312794f51e37dcf77f013d40650fe4fbb211dd55ef2863839c37480bd44369"},
    {file = "pymongo-3.11.0-cp37-cp37m-manylinux2014_ppc64le.whl", hash = "sha256:4797c0080f41eba90404335e5ded3aa66731d303293a675ff097ce4ea3025bb9"},
    {file = "pymongo-3.11.0-cp37-cp37m-manylinux2014_s390x.whl", hash = "sha256:1f865b1d1c191d785106f54df9abdc7d2f45a946b45fd1ea0a641b4f982a2a77"},
    {file = "pymongo-3.11.0-cp37-cp37m-manylinux2014_x86_64.whl", hash = "sha256:cccf1e7806f12300e3a3b48f219e111000c2538483e85c869c35c1ae591e6ce9"},
    {file = "pymongo-3.11.0-cp37-cp37m-win32.whl", hash = "sha256:05fcc6f9c60e6efe5219fbb5a30258adb3d3e5cbd317068f3d73c09727f2abb6"},
    {file = "pymongo-3.11.0-cp37-cp37m-win_amd64.whl", hash = "sha256:9dbab90c348c512e03f146e93a5e2610acec76df391043ecd46b6b775d5397e6"},
    {file = "pymongo-3.11.0-cp38-cp38-macosx_10_9_x86_64.whl", hash = "sha256:689142dc0c150e9cb7c012d84cac2c346d40beb891323afb6caf18ec4caafae0"},
    {file = "pymongo-3.11.0-cp38-cp38-manylinux1_i686.whl", hash = "sha256:4b32744901ee9990aa8cd488ec85634f443526def1e5190a407dc107148249d7"},
    {file = "pymongo-3.11.0-cp38-cp38-manylinux1_x86_64.whl", hash = "sha256:e6a15cf8f887d9f578dd49c6fb3a99d53e1d922fdd67a245a67488d77bf56eb2"},
    {file = "pymongo-3.11.0-cp38-cp38-manylinux2014_aarch64.whl", hash = "sha256:e8d188ee39bd0ffe76603da887706e4e7b471f613625899ddf1e27867dc6a0d3"},
    {file = "pymongo-3.11.0-cp38-cp38-manylinux2014_i686.whl", hash = "sha256:9ee0eef254e340cc11c379f797af3977992a7f2c176f1a658740c94bf677e13c"},
    {file = "pymongo-3.11.0-cp38-cp38-manylinux2014_ppc64le.whl", hash = "sha256:91e96bf85b7c07c827d339a386e8a3cf2e90ef098c42595227f729922d0851df"},
    {file = "pymongo-3.11.0-cp38-cp38-manylinux2014_s390x.whl", hash = "sha256:ce208f80f398522e49d9db789065c8ad2cd37b21bd6b23d30053474b7416af11"},
    {file = "pymongo-3.11.0-cp38-cp38-manylinux2014_x86_64.whl", hash = "sha256:475a34a0745c456ceffaec4ce86b7e0983478f1b6140890dff7b161e7bcd895b"},
    {file = "pymongo-3.11.0-cp38-cp38-win32.whl", hash = "sha256:40696a9a53faa7d85aaa6fd7bef1cae08f7882640bad08c350fb59dee7ad069b"},
    {file = "pymongo-3.11.0-cp38-cp38-win_amd64.whl", hash = "sha256:03dc64a9aa7a5d405aea5c56db95835f6a2fa31b3502c5af1760e0e99210be30"},
    {file = "pymongo-3.11.0-py2.7-macosx-10.15-x86_64.egg", hash = "sha256:63a5387e496a98170ffe638b435c0832c0f2011a6f4ff7a2880f17669fff8c03"},
    {file = "pymongo-3.11.0.tar.gz", hash = "sha256:076a7f2f7c251635cf6116ac8e45eefac77758ee5a77ab7bd2f63999e957613b"},
]
pytest-cases = [
    {file = "pytest-cases-2.2.2.tar.gz", hash = "sha256:48f5245950a93fe33e92467dfac559ac4d35e5766970fab72a21dabec0dc98a1"},
    {file = "pytest_cases-2.2.2-py2.py3-none-any.whl", hash = "sha256:f0fbd78d98ceb2c8d9fe64f3ce52c68c6d9acd2d06f72fff61974170a37f7796"},
]
python-dateutil = [
    {file = "python-dateutil-2.8.1.tar.gz", hash = "sha256:73ebfe9dbf22e832286dafa60473e4cd239f8592f699aa5adaf10050e6e1823c"},
    {file = "python_dateutil-2.8.1-py2.py3-none-any.whl", hash = "sha256:75bb3f31ea686f1197762692a9ee6a7550b59fc6ca3a1f4b5d7e32fb98e2da2a"},
]
pytz = [
    {file = "pytz-2020.1-py2.py3-none-any.whl", hash = "sha256:a494d53b6d39c3c6e44c3bec237336e14305e4f29bbf800b599253057fbb79ed"},
    {file = "pytz-2020.1.tar.gz", hash = "sha256:c35965d010ce31b23eeb663ed3cc8c906275d6be1a34393a1d73a41febf4a048"},
]
pyyaml = [
    {file = "PyYAML-5.3.1-cp27-cp27m-win32.whl", hash = "sha256:74809a57b329d6cc0fdccee6318f44b9b8649961fa73144a98735b0aaf029f1f"},
    {file = "PyYAML-5.3.1-cp27-cp27m-win_amd64.whl", hash = "sha256:240097ff019d7c70a4922b6869d8a86407758333f02203e0fc6ff79c5dcede76"},
    {file = "PyYAML-5.3.1-cp35-cp35m-win32.whl", hash = "sha256:4f4b913ca1a7319b33cfb1369e91e50354d6f07a135f3b901aca02aa95940bd2"},
    {file = "PyYAML-5.3.1-cp35-cp35m-win_amd64.whl", hash = "sha256:cc8955cfbfc7a115fa81d85284ee61147059a753344bc51098f3ccd69b0d7e0c"},
    {file = "PyYAML-5.3.1-cp36-cp36m-win32.whl", hash = "sha256:7739fc0fa8205b3ee8808aea45e968bc90082c10aef6ea95e855e10abf4a37b2"},
    {file = "PyYAML-5.3.1-cp36-cp36m-win_amd64.whl", hash = "sha256:69f00dca373f240f842b2931fb2c7e14ddbacd1397d57157a9b005a6a9942648"},
    {file = "PyYAML-5.3.1-cp37-cp37m-win32.whl", hash = "sha256:d13155f591e6fcc1ec3b30685d50bf0711574e2c0dfffd7644babf8b5102ca1a"},
    {file = "PyYAML-5.3.1-cp37-cp37m-win_amd64.whl", hash = "sha256:73f099454b799e05e5ab51423c7bcf361c58d3206fa7b0d555426b1f4d9a3eaf"},
    {file = "PyYAML-5.3.1-cp38-cp38-win32.whl", hash = "sha256:06a0d7ba600ce0b2d2fe2e78453a470b5a6e000a985dd4a4e54e436cc36b0e97"},
    {file = "PyYAML-5.3.1-cp38-cp38-win_amd64.whl", hash = "sha256:95f71d2af0ff4227885f7a6605c37fd53d3a106fcab511b8860ecca9fcf400ee"},
    {file = "PyYAML-5.3.1.tar.gz", hash = "sha256:b8eac752c5e14d3eca0e6dd9199cd627518cb5ec06add0de9d32baeee6fe645d"},
]
robinhood-aiokafka = [
    {file = "robinhood-aiokafka-1.1.6.tar.gz", hash = "sha256:efe6bdc0d6bb07945135799f34f436d2ec912774b096765daa189a66e2f89faa"},
    {file = "robinhood_aiokafka-1.1.6-cp36-cp36m-macosx_10_13_x86_64.whl", hash = "sha256:b5ac0591a3c5a61fcfb316acfe7b4bfa336f20f048642be769bd0a321b94acda"},
    {file = "robinhood_aiokafka-1.1.6-cp37-cp37m-macosx_10_9_x86_64.whl", hash = "sha256:a1c468d0780ad903fce41fc0ff98b37ddf390470554303c335a86b24768f677a"},
    {file = "robinhood_aiokafka-1.1.6-cp38-cp38-macosx_10_14_x86_64.whl", hash = "sha256:12ab446ec50634b53f5a7d16502a5b048ae68f8075a568be54c0197cef549afd"},
    {file = "robinhood_aiokafka-1.1.6-py3-none-any.whl", hash = "sha256:d8d03d73d3af3e9e74d01085294eb2848d06b4bd79ec90c0fd0be2142fabe530"},
]
sitri = [
    {file = "sitri-0.7.3-py3-none-any.whl", hash = "sha256:ea8329561a5ae242b681aaf4e933f2f56e1f0c07debb080a3a50c22a1226336c"},
    {file = "sitri-0.7.3.tar.gz", hash = "sha256:d661bda76f0b6a39de989a9d8dc665fd95d4335697247c8e0c0b2c85df419481"},
]
six = [
    {file = "six-1.15.0-py2.py3-none-any.whl", hash = "sha256:8b74bedcbbbaca38ff6d7491d76f2b06b3592611af620f8426e82dddb04a5ced"},
    {file = "six-1.15.0.tar.gz", hash = "sha256:30639c035cdb23534cd4aa2dd52c3bf48f06e5f4a941509c8bafd8ce11080259"},
]
stringcase = [
    {file = "stringcase-1.2.0.tar.gz", hash = "sha256:48a06980661908efe8d9d34eab2b6c13aefa2163b3ced26972902e3bdfd87008"},
]
terminaltables = [
    {file = "terminaltables-3.1.0.tar.gz", hash = "sha256:f3eb0eb92e3833972ac36796293ca0906e998dc3be91fbe1f8615b331b853b81"},
]
toml = [
    {file = "toml-0.10.1-py2.py3-none-any.whl", hash = "sha256:bda89d5935c2eac546d648028b9901107a595863cb36bae0c73ac804a9b4ce88"},
    {file = "toml-0.10.1.tar.gz", hash = "sha256:926b612be1e5ce0634a2ca03470f95169cf16f939018233a670519cb4ac58b0f"},
]
venusian = [
    {file = "venusian-1.2.0-py2.py3-none-any.whl", hash = "sha256:2f2d077a1eedc3fda40425f65687c8c494da7e83d7c23bc2c4d1a40eb3ca5b6d"},
    {file = "venusian-1.2.0.tar.gz", hash = "sha256:64ec8285b80b110d0ae5db4280e90e31848a59db98db1aba4d7d46f48ce91e3e"},
]
virtualenv = [
    {file = "virtualenv-20.0.31-py2.py3-none-any.whl", hash = "sha256:e0305af10299a7fb0d69393d8f04cb2965dda9351140d11ac8db4e5e3970451b"},
    {file = "virtualenv-20.0.31.tar.gz", hash = "sha256:43add625c53c596d38f971a465553f6318decc39d98512bc100fa1b1e839c8dc"},
]
win32-setctime = [
    {file = "win32_setctime-1.0.2-py3-none-any.whl", hash = "sha256:02b4c5959ca0b195f45c98115826c6e8a630b7cf648e724feaab1a5aa6250640"},
    {file = "win32_setctime-1.0.2.tar.gz", hash = "sha256:47aa7c43548c1fc0a4f026d1944b748b37036df116c7c4cf908e82638d854313"},
]
yarl = [
    {file = "yarl-1.5.1-cp35-cp35m-macosx_10_14_x86_64.whl", hash = "sha256:db6db0f45d2c63ddb1a9d18d1b9b22f308e52c83638c26b422d520a815c4b3fb"},
    {file = "yarl-1.5.1-cp35-cp35m-manylinux1_x86_64.whl", hash = "sha256:17668ec6722b1b7a3a05cc0167659f6c95b436d25a36c2d52db0eca7d3f72593"},
    {file = "yarl-1.5.1-cp35-cp35m-win32.whl", hash = "sha256:040b237f58ff7d800e6e0fd89c8439b841f777dd99b4a9cca04d6935564b9409"},
    {file = "yarl-1.5.1-cp35-cp35m-win_amd64.whl", hash = "sha256:f18d68f2be6bf0e89f1521af2b1bb46e66ab0018faafa81d70f358153170a317"},
    {file = "yarl-1.5.1-cp36-cp36m-macosx_10_14_x86_64.whl", hash = "sha256:c52ce2883dc193824989a9b97a76ca86ecd1fa7955b14f87bf367a61b6232511"},
    {file = "yarl-1.5.1-cp36-cp36m-manylinux1_x86_64.whl", hash = "sha256:ce584af5de8830d8701b8979b18fcf450cef9a382b1a3c8ef189bedc408faf1e"},
    {file = "yarl-1.5.1-cp36-cp36m-win32.whl", hash = "sha256:df89642981b94e7db5596818499c4b2219028f2a528c9c37cc1de45bf2fd3a3f"},
    {file = "yarl-1.5.1-cp36-cp36m-win_amd64.whl", hash = "sha256:3a584b28086bc93c888a6c2aa5c92ed1ae20932f078c46509a66dce9ea5533f2"},
    {file = "yarl-1.5.1-cp37-cp37m-macosx_10_14_x86_64.whl", hash = "sha256:da456eeec17fa8aa4594d9a9f27c0b1060b6a75f2419fe0c00609587b2695f4a"},
    {file = "yarl-1.5.1-cp37-cp37m-manylinux1_x86_64.whl", hash = "sha256:bc2f976c0e918659f723401c4f834deb8a8e7798a71be4382e024bcc3f7e23a8"},
    {file = "yarl-1.5.1-cp37-cp37m-win32.whl", hash = "sha256:4439be27e4eee76c7632c2427ca5e73703151b22cae23e64adb243a9c2f565d8"},
    {file = "yarl-1.5.1-cp37-cp37m-win_amd64.whl", hash = "sha256:48e918b05850fffb070a496d2b5f97fc31d15d94ca33d3d08a4f86e26d4e7c5d"},
    {file = "yarl-1.5.1-cp38-cp38-macosx_10_14_x86_64.whl", hash = "sha256:9b930776c0ae0c691776f4d2891ebc5362af86f152dd0da463a6614074cb1b02"},
    {file = "yarl-1.5.1-cp38-cp38-manylinux1_x86_64.whl", hash = "sha256:b3b9ad80f8b68519cc3372a6ca85ae02cc5a8807723ac366b53c0f089db19e4a"},
    {file = "yarl-1.5.1-cp38-cp38-win32.whl", hash = "sha256:f379b7f83f23fe12823085cd6b906edc49df969eb99757f58ff382349a3303c6"},
    {file = "yarl-1.5.1-cp38-cp38-win_amd64.whl", hash = "sha256:9102b59e8337f9874638fcfc9ac3734a0cfadb100e47d55c20d0dc6087fb4692"},
    {file = "yarl-1.5.1.tar.gz", hash = "sha256:c22c75b5f394f3d47105045ea551e08a3e804dc7e01b37800ca35b58f856c3d6"},
]
